
Microsoft Visual Studio Solution File, Format Version 11.00
# Visual Studio 2010
Project("{F14B399A-7131-4C87-9E4B-1186C45EF12D}") = "FinalGraphReport", "FinalGraphReport.rptproj", "{A25AE46B-79B5-4DCD-BDAC-439467DDF548}"
EndProject
Global
	GlobalSection(SolutionConfigurationPlatforms) = preSolution
		Debug|Default = Debug|Default
		DebugLocal|Default = DebugLocal|Default
		Release|Default = Release|Default
	EndGlobalSection
	GlobalSection(ProjectConfigurationPlatforms) = postSolution
		{A25AE46B-79B5-4DCD-BDAC-439467DDF548}.Debug|Default.ActiveCfg = Debug
		{A25AE46B-79B5-4DCD-BDAC-439467DDF548}.Debug|Default.Build.0 = DebugLocal
		{A25AE46B-79B5-4DCD-BDAC-439467DDF548}.Debug|Default.Deploy.0 = DebugLocal
		{A25AE46B-79B5-4DCD-BDAC-439467DDF548}.DebugLocal|Default.ActiveCfg = DebugLocal
		{A25AE46B-79B5-4DCD-BDAC-439467DDF548}.DebugLocal|Default.Build.0 = DebugLocal
		{A25AE46B-79B5-4DCD-BDAC-439467DDF548}.DebugLocal|Default.Deploy.0 = DebugLocal
		{A25AE46B-79B5-4DCD-BDAC-439467DDF548}.Release|Default.ActiveCfg = Release
		{A25AE46B-79B5-4DCD-BDAC-439467DDF548}.Release|Default.Build.0 = Release
		{A25AE46B-79B5-4DCD-BDAC-439467DDF548}.Release|Default.Deploy.0 = Release
	EndGlobalSection
	GlobalSection(SolutionProperties) = preSolution
		HideSolutionNode = FALSE
	EndGlobalSection
EndGlobal
